{
  "name": "open-event-frontend",
  "version": "1.0.0",
  "lockfileVersion": 1,
  "requires": true,
  "dependencies": {
    "caniuse-lite": {
      "version": "1.0.30001047",
      "resolved": "https://registry.npmjs.org/caniuse-lite/-/caniuse-lite-1.0.30001047.tgz",
      "integrity": "sha512-eaZFO+zPTGCCi5EBK0Ri8f2qXJ1lLH0Ic/UM2wrfc0bQkSiwGEk75tZEu2Gns7uvTMKcADLh0+QdTjzcRt3owA=="
    }
  }
}
